
Microsoft Visual Studio Solution File, Format Version 12.00
# Visual Studio Version 17
VisualStudioVersion = 17.11.35431.28
MinimumVisualStudioVersion = 10.0.40219.1
Project("{2150E333-8FDC-42A3-9474-1A3956D46DE8}") = "tests", "tests", "{DE36CCA1-8EE8-496A-B243-35F708D9CB89}"
EndProject
Project("{9A19103F-16F7-4668-BE54-9A1E7A4F7556}") = "Fhir.Relational.Demo2", "Fhir.Relational.Demo2\Fhir.Relational.Demo2.csproj", "{9FAE3C8C-E4A5-47AA-B322-87D38351D705}"
EndProject
Project("{9A19103F-16F7-4668-BE54-9A1E7A4F7556}") = "Synapxe.FhirWebApi.NoSQL", "Synapxe.FhirWebApi.NoSQL\Synapxe.FhirWebApi.NoSQL.csproj", "{0674C9BC-9C8B-45D0-81AA-DE9A78DE731A}"
EndProject
Project("{9A19103F-16F7-4668-BE54-9A1E7A4F7556}") = "Fhir.Relational.Demo2.IntegrationTests", "Fhir.Relational.Demo2.IntegrationTests\Fhir.Relational.Demo2.IntegrationTests.csproj", "{4F6BA6C9-AD33-4A09-B835-3D6267D5408E}"
EndProject
Project("{9A19103F-16F7-4668-BE54-9A1E7A4F7556}") = "Synapxe.FhirWebApi.NoSQL.IntegrationTests", "Synapxe.FhirWebApi.NoSQL.IntegrationTests\Synapxe.FhirWebApi.NoSQL.IntegrationTests.csproj", "{50889187-C806-464D-9413-8E8D58726D76}"
EndProject
Global
	GlobalSection(SolutionConfigurationPlatforms) = preSolution
		Debug|Any CPU = Debug|Any CPU
		Release|Any CPU = Release|Any CPU
	EndGlobalSection
	GlobalSection(ProjectConfigurationPlatforms) = postSolution
		{9FAE3C8C-E4A5-47AA-B322-87D38351D705}.Debug|Any CPU.ActiveCfg = Debug|Any CPU
		{9FAE3C8C-E4A5-47AA-B322-87D38351D705}.Debug|Any CPU.Build.0 = Debug|Any CPU
		{9FAE3C8C-E4A5-47AA-B322-87D38351D705}.Release|Any CPU.ActiveCfg = Release|Any CPU
		{9FAE3C8C-E4A5-47AA-B322-87D38351D705}.Release|Any CPU.Build.0 = Release|Any CPU
		{0674C9BC-9C8B-45D0-81AA-DE9A78DE731A}.Debug|Any CPU.ActiveCfg = Debug|Any CPU
		{0674C9BC-9C8B-45D0-81AA-DE9A78DE731A}.Debug|Any CPU.Build.0 = Debug|Any CPU
		{0674C9BC-9C8B-45D0-81AA-DE9A78DE731A}.Release|Any CPU.ActiveCfg = Release|Any CPU
		{0674C9BC-9C8B-45D0-81AA-DE9A78DE731A}.Release|Any CPU.Build.0 = Release|Any CPU
		{4F6BA6C9-AD33-4A09-B835-3D6267D5408E}.Debug|Any CPU.ActiveCfg = Debug|Any CPU
		{4F6BA6C9-AD33-4A09-B835-3D6267D5408E}.Debug|Any CPU.Build.0 = Debug|Any CPU
		{4F6BA6C9-AD33-4A09-B835-3D6267D5408E}.Release|Any CPU.ActiveCfg = Release|Any CPU
		{4F6BA6C9-AD33-4A09-B835-3D6267D5408E}.Release|Any CPU.Build.0 = Release|Any CPU
		{50889187-C806-464D-9413-8E8D58726D76}.Debug|Any CPU.ActiveCfg = Debug|Any CPU
		{50889187-C806-464D-9413-8E8D58726D76}.Debug|Any CPU.Build.0 = Debug|Any CPU
		{50889187-C806-464D-9413-8E8D58726D76}.Release|Any CPU.ActiveCfg = Release|Any CPU
		{50889187-C806-464D-9413-8E8D58726D76}.Release|Any CPU.Build.0 = Release|Any CPU
	EndGlobalSection
	GlobalSection(SolutionProperties) = preSolution
		HideSolutionNode = FALSE
	EndGlobalSection
	GlobalSection(NestedProjects) = preSolution
		{4F6BA6C9-AD33-4A09-B835-3D6267D5408E} = {DE36CCA1-8EE8-496A-B243-35F708D9CB89}
		{50889187-C806-464D-9413-8E8D58726D76} = {DE36CCA1-8EE8-496A-B243-35F708D9CB89}
	EndGlobalSection
	GlobalSection(ExtensibilityGlobals) = postSolution
		SolutionGuid = {3B91B384-2F11-40EE-ABCF-8F3224169D89}
	EndGlobalSection
EndGlobal
